{"1.2.0",
[{<<"cowlib">>,{pkg,<<"cowlib">>,<<"2.15.0">>},1},
 {<<"gun">>,{pkg,<<"gun">>,<<"2.4.1">>},0}]}.
[
{pkg_hash,[
 {<<"cowlib">>, <<"3C97A318A933962D1C12B96AB7C1D728267D2C523C25A5B57B0F93392B6E9E25">>},
 {<<"gun">>, <<"C3A8BFF8E155E1FC8E499216599BB7EFFBD27BC1985662A8B25016090DC18428">>}]},
{pkg_hash_ext,[
 {<<"cowlib">>, <<"4F00C879A64B4FE7C8FCB42A4281925E9FFDB928820B03C3AD325A617E857532">>},
 {<<"gun">>, <<"1450575B4D393AA0811322727B90AD1DD94B5C10026F54A1641785BCBD250384">>}]}
].
