{"1.1.0",
[{<<"cowlib">>,{pkg,<<"cowlib">>,<<"1.3.0">>},1},
 {<<"gun">>,{pkg,<<"gun">>,<<"1.0.0-pre.1">>},0},
 {<<"ranch">>,{pkg,<<"ranch">>,<<"1.1.0">>},1}]}.
[
{pkg_hash,[
 {<<"cowlib">>, <<"6C80CA7F2863C0D7A21C946312BAF473432B56A79E46E20BC27A3BAC07C40439">>},
 {<<"gun">>, <<"28514327A7572234633E127C1C14C5D91991BC26EC16D3707F05962A31F0C1B5">>},
 {<<"ranch">>, <<"F7ED6D97DB8C2A27CCA85CACBD543558001FC5A355E93A7BFF1E9A9065A8545B">>}]}
].
